
Microsoft Visual Studio Solution File, Format Version 12.00
# Visual Studio Version 17
VisualStudioVersion = 17.14.36203.30
MinimumVisualStudioVersion = 10.0.40219.1
Project("{FAE04EC0-301F-11D3-BF4B-00C04F79EFBC}") = "Backend", "Backend\Backend.csproj", "{241B32CF-9487-4A77-87A3-32BE7AF801A8}"
EndProject
Project("{FAE04EC0-301F-11D3-BF4B-00C04F79EFBC}") = "Frontend", "Frontend\Frontend.csproj", "{84FF5C05-3FFC-44A1-9C09-98E2ECB35693}"
EndProject
Project("{FAE04EC0-301F-11D3-BF4B-00C04F79EFBC}") = "Backend.Tests", "Backend.Tests\Backend.Tests.csproj", "{A516C911-E167-45D5-A1E5-79F772B71A8A}"
EndProject
Global
	GlobalSection(SolutionConfigurationPlatforms) = preSolution
		Debug|Any CPU = Debug|Any CPU
		Release|Any CPU = Release|Any CPU
	EndGlobalSection
	GlobalSection(ProjectConfigurationPlatforms) = postSolution
		{241B32CF-9487-4A77-87A3-32BE7AF801A8}.Debug|Any CPU.ActiveCfg = Debug|Any CPU
		{241B32CF-9487-4A77-87A3-32BE7AF801A8}.Debug|Any CPU.Build.0 = Debug|Any CPU
		{241B32CF-9487-4A77-87A3-32BE7AF801A8}.Release|Any CPU.ActiveCfg = Release|Any CPU
		{241B32CF-9487-4A77-87A3-32BE7AF801A8}.Release|Any CPU.Build.0 = Release|Any CPU
		{84FF5C05-3FFC-44A1-9C09-98E2ECB35693}.Debug|Any CPU.ActiveCfg = Debug|Any CPU
		{84FF5C05-3FFC-44A1-9C09-98E2ECB35693}.Debug|Any CPU.Build.0 = Debug|Any CPU
		{84FF5C05-3FFC-44A1-9C09-98E2ECB35693}.Release|Any CPU.ActiveCfg = Release|Any CPU
		{84FF5C05-3FFC-44A1-9C09-98E2ECB35693}.Release|Any CPU.Build.0 = Release|Any CPU
		{A516C911-E167-45D5-A1E5-79F772B71A8A}.Debug|Any CPU.ActiveCfg = Debug|Any CPU
		{A516C911-E167-45D5-A1E5-79F772B71A8A}.Debug|Any CPU.Build.0 = Debug|Any CPU
		{A516C911-E167-45D5-A1E5-79F772B71A8A}.Release|Any CPU.ActiveCfg = Release|Any CPU
		{A516C911-E167-45D5-A1E5-79F772B71A8A}.Release|Any CPU.Build.0 = Release|Any CPU
	EndGlobalSection
	GlobalSection(SolutionProperties) = preSolution
		HideSolutionNode = FALSE
	EndGlobalSection
	GlobalSection(ExtensibilityGlobals) = postSolution
		SolutionGuid = {425ABEB7-F878-49D1-9D3A-F89343F0150E}
	EndGlobalSection
EndGlobal
